
Microsoft Visual Studio Solution File, Format Version 12.00
# Visual Studio Version 16
VisualStudioVersion = 16.0.29306.81
MinimumVisualStudioVersion = 10.0.40219.1
Project("{FAE04EC0-301F-11D3-BF4B-00C04F79EFBC}") = "TurtleMasterConsoleAPp", "TurtleMasterConsoleAPp\TurtleMasterConsoleAPp.csproj", "{11C82195-929C-48AF-A6CE-A6BAA0B1745B}"
EndProject
Global
	GlobalSection(SolutionConfigurationPlatforms) = preSolution
		Debug|Any CPU = Debug|Any CPU
		Release|Any CPU = Release|Any CPU
	EndGlobalSection
	GlobalSection(ProjectConfigurationPlatforms) = postSolution
		{11C82195-929C-48AF-A6CE-A6BAA0B1745B}.Debug|Any CPU.ActiveCfg = Debug|Any CPU
		{11C82195-929C-48AF-A6CE-A6BAA0B1745B}.Debug|Any CPU.Build.0 = Debug|Any CPU
		{11C82195-929C-48AF-A6CE-A6BAA0B1745B}.Release|Any CPU.ActiveCfg = Release|Any CPU
		{11C82195-929C-48AF-A6CE-A6BAA0B1745B}.Release|Any CPU.Build.0 = Release|Any CPU
	EndGlobalSection
	GlobalSection(SolutionProperties) = preSolution
		HideSolutionNode = FALSE
	EndGlobalSection
	GlobalSection(ExtensibilityGlobals) = postSolution
		SolutionGuid = {2E0476A3-03A7-47BF-BAC0-80ABE7828615}
	EndGlobalSection
EndGlobal
